
Microsoft Visual Studio Solution File, Format Version 10.00
# Visual Studio 2008
Project("{8BC9CEB8-8B4A-11D0-8D11-00A0C91BC942}") = "ScCore", "ScCore\ScCore.vcproj", "{71C2E4EE-D06C-471E-A067-F1C33BF282B1}"
EndProject
Project("{8BC9CEB8-8B4A-11D0-8D11-00A0C91BC942}") = "ScPipeLine", "ScPipeLine\ScPipeLine.vcproj", "{1F5FB8FD-DC05-4E57-8DFD-2F0AE3AA9DBD}"
EndProject
Project("{8BC9CEB8-8B4A-11D0-8D11-00A0C91BC942}") = "ScMedia", "ScMedia\ScMedia.vcproj", "{6B5A66A5-F81C-4797-A925-C83D12E57627}"
EndProject
Project("{8BC9CEB8-8B4A-11D0-8D11-00A0C91BC942}") = "ScRpc", "ScNetwork\ScRpc\ScRpc.vcproj", "{0FDBCF61-BB2A-49CA-93FF-A1CA86DC4FD6}"
EndProject
Project("{8BC9CEB8-8B4A-11D0-8D11-00A0C91BC942}") = "ScNetwork", "ScNetwork\ScNetwork\ScNetwork.vcproj", "{CF8790C9-90DE-4EFF-86BF-8F32396A7A8C}"
EndProject
Project("{8BC9CEB8-8B4A-11D0-8D11-00A0C91BC942}") = "ScIfComplier", "ScNetwork\ScIfComplier\ScIfComplier.vcproj", "{2AD2ACBA-1579-4336-BFE3-C9910DAFCB37}"
EndProject
Project("{2150E333-8FDC-42A3-9474-1A3956D46DE8}") = "Test", "Test", "{68B685D6-F8AF-4922-B20A-CFBDDF430CCD}"
EndProject
Project("{8BC9CEB8-8B4A-11D0-8D11-00A0C91BC942}") = "testSimpleSocket", "Test\testSimpleSocket\testSimpleSocket.vcproj", "{AB04654D-71D6-4671-9E35-306D0973B9A5}"
EndProject
Project("{8BC9CEB8-8B4A-11D0-8D11-00A0C91BC942}") = "testNetworkClient", "Test\testNetworkClient\testNetworkClient.vcproj", "{4B1194A1-D147-48A2-A320-C45B7152A49F}"
EndProject
Project("{8BC9CEB8-8B4A-11D0-8D11-00A0C91BC942}") = "testNetworkServer", "Test\testNetworkServer\testNetworkServer.vcproj", "{B97B0029-CDC4-4A34-AB99-CFE8A9FED493}"
EndProject
Project("{8BC9CEB8-8B4A-11D0-8D11-00A0C91BC942}") = "testScCore", "Test\testCore\testScCore.vcproj", "{47BA837F-0AE0-4399-9BB8-775BFDABBA1F}"
EndProject
Global
	GlobalSection(SolutionConfigurationPlatforms) = preSolution
		Debug|Win32 = Debug|Win32
		Debug|x64 = Debug|x64
		Release|Win32 = Release|Win32
		Release|x64 = Release|x64
	EndGlobalSection
	GlobalSection(ProjectConfigurationPlatforms) = postSolution
		{71C2E4EE-D06C-471E-A067-F1C33BF282B1}.Debug|Win32.ActiveCfg = Debug|Win32
		{71C2E4EE-D06C-471E-A067-F1C33BF282B1}.Debug|Win32.Build.0 = Debug|Win32
		{71C2E4EE-D06C-471E-A067-F1C33BF282B1}.Debug|x64.ActiveCfg = Debug|x64
		{71C2E4EE-D06C-471E-A067-F1C33BF282B1}.Debug|x64.Build.0 = Debug|x64
		{71C2E4EE-D06C-471E-A067-F1C33BF282B1}.Release|Win32.ActiveCfg = Release|Win32
		{71C2E4EE-D06C-471E-A067-F1C33BF282B1}.Release|Win32.Build.0 = Release|Win32
		{71C2E4EE-D06C-471E-A067-F1C33BF282B1}.Release|x64.ActiveCfg = Release|x64
		{71C2E4EE-D06C-471E-A067-F1C33BF282B1}.Release|x64.Build.0 = Release|x64
		{1F5FB8FD-DC05-4E57-8DFD-2F0AE3AA9DBD}.Debug|Win32.ActiveCfg = Debug|Win32
		{1F5FB8FD-DC05-4E57-8DFD-2F0AE3AA9DBD}.Debug|Win32.Build.0 = Debug|Win32
		{1F5FB8FD-DC05-4E57-8DFD-2F0AE3AA9DBD}.Debug|x64.ActiveCfg = Debug|x64
		{1F5FB8FD-DC05-4E57-8DFD-2F0AE3AA9DBD}.Debug|x64.Build.0 = Debug|x64
		{1F5FB8FD-DC05-4E57-8DFD-2F0AE3AA9DBD}.Release|Win32.ActiveCfg = Release|Win32
		{1F5FB8FD-DC05-4E57-8DFD-2F0AE3AA9DBD}.Release|Win32.Build.0 = Release|Win32
		{1F5FB8FD-DC05-4E57-8DFD-2F0AE3AA9DBD}.Release|x64.ActiveCfg = Release|x64
		{1F5FB8FD-DC05-4E57-8DFD-2F0AE3AA9DBD}.Release|x64.Build.0 = Release|x64
		{6B5A66A5-F81C-4797-A925-C83D12E57627}.Debug|Win32.ActiveCfg = Debug|Win32
		{6B5A66A5-F81C-4797-A925-C83D12E57627}.Debug|Win32.Build.0 = Debug|Win32
		{6B5A66A5-F81C-4797-A925-C83D12E57627}.Debug|x64.ActiveCfg = Debug|x64
		{6B5A66A5-F81C-4797-A925-C83D12E57627}.Debug|x64.Build.0 = Debug|x64
		{6B5A66A5-F81C-4797-A925-C83D12E57627}.Release|Win32.ActiveCfg = Release|Win32
		{6B5A66A5-F81C-4797-A925-C83D12E57627}.Release|Win32.Build.0 = Release|Win32
		{6B5A66A5-F81C-4797-A925-C83D12E57627}.Release|x64.ActiveCfg = Release|x64
		{6B5A66A5-F81C-4797-A925-C83D12E57627}.Release|x64.Build.0 = Release|x64
		{0FDBCF61-BB2A-49CA-93FF-A1CA86DC4FD6}.Debug|Win32.ActiveCfg = Debug|Win32
		{0FDBCF61-BB2A-49CA-93FF-A1CA86DC4FD6}.Debug|Win32.Build.0 = Debug|Win32
		{0FDBCF61-BB2A-49CA-93FF-A1CA86DC4FD6}.Debug|x64.ActiveCfg = Debug|x64
		{0FDBCF61-BB2A-49CA-93FF-A1CA86DC4FD6}.Debug|x64.Build.0 = Debug|x64
		{0FDBCF61-BB2A-49CA-93FF-A1CA86DC4FD6}.Release|Win32.ActiveCfg = Release|Win32
		{0FDBCF61-BB2A-49CA-93FF-A1CA86DC4FD6}.Release|Win32.Build.0 = Release|Win32
		{0FDBCF61-BB2A-49CA-93FF-A1CA86DC4FD6}.Release|x64.ActiveCfg = Release|x64
		{0FDBCF61-BB2A-49CA-93FF-A1CA86DC4FD6}.Release|x64.Build.0 = Release|x64
		{CF8790C9-90DE-4EFF-86BF-8F32396A7A8C}.Debug|Win32.ActiveCfg = Debug|Win32
		{CF8790C9-90DE-4EFF-86BF-8F32396A7A8C}.Debug|Win32.Build.0 = Debug|Win32
		{CF8790C9-90DE-4EFF-86BF-8F32396A7A8C}.Debug|x64.ActiveCfg = Debug|x64
		{CF8790C9-90DE-4EFF-86BF-8F32396A7A8C}.Debug|x64.Build.0 = Debug|x64
		{CF8790C9-90DE-4EFF-86BF-8F32396A7A8C}.Release|Win32.ActiveCfg = Release|Win32
		{CF8790C9-90DE-4EFF-86BF-8F32396A7A8C}.Release|Win32.Build.0 = Release|Win32
		{CF8790C9-90DE-4EFF-86BF-8F32396A7A8C}.Release|x64.ActiveCfg = Release|x64
		{CF8790C9-90DE-4EFF-86BF-8F32396A7A8C}.Release|x64.Build.0 = Release|x64
		{2AD2ACBA-1579-4336-BFE3-C9910DAFCB37}.Debug|Win32.ActiveCfg = Debug|Win32
		{2AD2ACBA-1579-4336-BFE3-C9910DAFCB37}.Debug|Win32.Build.0 = Debug|Win32
		{2AD2ACBA-1579-4336-BFE3-C9910DAFCB37}.Debug|x64.ActiveCfg = Debug|x64
		{2AD2ACBA-1579-4336-BFE3-C9910DAFCB37}.Debug|x64.Build.0 = Debug|x64
		{2AD2ACBA-1579-4336-BFE3-C9910DAFCB37}.Release|Win32.ActiveCfg = Release|Win32
		{2AD2ACBA-1579-4336-BFE3-C9910DAFCB37}.Release|Win32.Build.0 = Release|Win32
		{2AD2ACBA-1579-4336-BFE3-C9910DAFCB37}.Release|x64.ActiveCfg = Release|x64
		{2AD2ACBA-1579-4336-BFE3-C9910DAFCB37}.Release|x64.Build.0 = Release|x64
		{AB04654D-71D6-4671-9E35-306D0973B9A5}.Debug|Win32.ActiveCfg = Debug|Win32
		{AB04654D-71D6-4671-9E35-306D0973B9A5}.Debug|Win32.Build.0 = Debug|Win32
		{AB04654D-71D6-4671-9E35-306D0973B9A5}.Debug|x64.ActiveCfg = Debug|x64
		{AB04654D-71D6-4671-9E35-306D0973B9A5}.Debug|x64.Build.0 = Debug|x64
		{AB04654D-71D6-4671-9E35-306D0973B9A5}.Release|Win32.ActiveCfg = Release|Win32
		{AB04654D-71D6-4671-9E35-306D0973B9A5}.Release|Win32.Build.0 = Release|Win32
		{AB04654D-71D6-4671-9E35-306D0973B9A5}.Release|x64.ActiveCfg = Release|x64
		{AB04654D-71D6-4671-9E35-306D0973B9A5}.Release|x64.Build.0 = Release|x64
		{4B1194A1-D147-48A2-A320-C45B7152A49F}.Debug|Win32.ActiveCfg = Debug|Win32
		{4B1194A1-D147-48A2-A320-C45B7152A49F}.Debug|Win32.Build.0 = Debug|Win32
		{4B1194A1-D147-48A2-A320-C45B7152A49F}.Debug|x64.ActiveCfg = Debug|x64
		{4B1194A1-D147-48A2-A320-C45B7152A49F}.Debug|x64.Build.0 = Debug|x64
		{4B1194A1-D147-48A2-A320-C45B7152A49F}.Release|Win32.ActiveCfg = Release|Win32
		{4B1194A1-D147-48A2-A320-C45B7152A49F}.Release|Win32.Build.0 = Release|Win32
		{4B1194A1-D147-48A2-A320-C45B7152A49F}.Release|x64.ActiveCfg = Release|x64
		{4B1194A1-D147-48A2-A320-C45B7152A49F}.Release|x64.Build.0 = Release|x64
		{B97B0029-CDC4-4A34-AB99-CFE8A9FED493}.Debug|Win32.ActiveCfg = Debug|Win32
		{B97B0029-CDC4-4A34-AB99-CFE8A9FED493}.Debug|Win32.Build.0 = Debug|Win32
		{B97B0029-CDC4-4A34-AB99-CFE8A9FED493}.Debug|x64.ActiveCfg = Debug|x64
		{B97B0029-CDC4-4A34-AB99-CFE8A9FED493}.Debug|x64.Build.0 = Debug|x64
		{B97B0029-CDC4-4A34-AB99-CFE8A9FED493}.Release|Win32.ActiveCfg = Release|Win32
		{B97B0029-CDC4-4A34-AB99-CFE8A9FED493}.Release|Win32.Build.0 = Release|Win32
		{B97B0029-CDC4-4A34-AB99-CFE8A9FED493}.Release|x64.ActiveCfg = Release|x64
		{B97B0029-CDC4-4A34-AB99-CFE8A9FED493}.Release|x64.Build.0 = Release|x64
		{47BA837F-0AE0-4399-9BB8-775BFDABBA1F}.Debug|Win32.ActiveCfg = Debug|Win32
		{47BA837F-0AE0-4399-9BB8-775BFDABBA1F}.Debug|Win32.Build.0 = Debug|Win32
		{47BA837F-0AE0-4399-9BB8-775BFDABBA1F}.Debug|x64.ActiveCfg = Debug|x64
		{47BA837F-0AE0-4399-9BB8-775BFDABBA1F}.Debug|x64.Build.0 = Debug|x64
		{47BA837F-0AE0-4399-9BB8-775BFDABBA1F}.Release|Win32.ActiveCfg = Release|Win32
		{47BA837F-0AE0-4399-9BB8-775BFDABBA1F}.Release|Win32.Build.0 = Release|Win32
		{47BA837F-0AE0-4399-9BB8-775BFDABBA1F}.Release|x64.ActiveCfg = Release|x64
		{47BA837F-0AE0-4399-9BB8-775BFDABBA1F}.Release|x64.Build.0 = Release|x64
	EndGlobalSection
	GlobalSection(SolutionProperties) = preSolution
		HideSolutionNode = FALSE
	EndGlobalSection
	GlobalSection(NestedProjects) = preSolution
		{AB04654D-71D6-4671-9E35-306D0973B9A5} = {68B685D6-F8AF-4922-B20A-CFBDDF430CCD}
		{4B1194A1-D147-48A2-A320-C45B7152A49F} = {68B685D6-F8AF-4922-B20A-CFBDDF430CCD}
		{B97B0029-CDC4-4A34-AB99-CFE8A9FED493} = {68B685D6-F8AF-4922-B20A-CFBDDF430CCD}
		{47BA837F-0AE0-4399-9BB8-775BFDABBA1F} = {68B685D6-F8AF-4922-B20A-CFBDDF430CCD}
	EndGlobalSection
EndGlobal
